<?xml version="1.0" encoding="utf-8"?>
<Project ToolsVersion="4.0" xmlns="http://schemas.microsoft.com/developer/msbuild/2003">
  <ItemGroup>
    <Filter Include="Quelldateien">
      <UniqueIdentifier>{4FC737F1-C7A5-4376-A066-2A32D752A2FF}</UniqueIdentifier>
      <Extensions>cpp;c;cc;cxx;def;odl;idl;hpj;bat;asm;asmx</Extensions>
    </Filter>
    <Filter Include="Ressourcendateien">
      <UniqueIdentifier>{67DA6AB6-F800-4c08-8B7A-83BB121AAD01}</UniqueIdentifier>
      <Extensions>rc;ico;cur;bmp;dlg;rc2;rct;bin;rgs;gif;jpg;jpeg;jpe;resx;tiff;tif;png;wav;mfcribbon-ms</Extensions>
    </Filter>
    <Filter Include="Quelldateien\core">
      <UniqueIdentifier>{1c41f4a9-0af4-4507-9a25-3a5b0cce97ac}</UniqueIdentifier>
    </Filter>
    <Filter Include="Quelldateien\states">
      <UniqueIdentifier>{6fc8e544-5a84-425f-9a02-17e8961bc73f}</UniqueIdentifier>
    </Filter>
    <Filter Include="Quelldateien\graphics">
      <UniqueIdentifier>{b307e98b-f6be-4e79-83d1-cd35586be726}</UniqueIdentifier>
    </Filter>
    <Filter Include="Quelldateien\utils">
      <UniqueIdentifier>{34845449-8d0c-41f1-b728-066bd3b857c1}</UniqueIdentifier>
    </Filter>
    <Filter Include="Quelldateien\unittest">
      <UniqueIdentifier>{48260fbc-5a2c-4280-bc21-85aa852a93aa}</UniqueIdentifier>
    </Filter>
    <Filter Include="Quelldateien\sfutils">
      <UniqueIdentifier>{449d6ac8-b979-4836-8e7c-45d6c1a2755c}</UniqueIdentifier>
    </Filter>
  </ItemGroup>
  <ItemGroup>
    <ClCompile Include="src\main.cpp">
      <Filter>Quelldateien</Filter>
    </ClCompile>
    <ClCompile Include="src\core\Object.cpp">
      <Filter>Quelldateien\core</Filter>
    </ClCompile>
    <ClCompile Include="src\core\ObjectList.cpp">
      <Filter>Quelldateien\core</Filter>
    </ClCompile>
    <ClCompile Include="src\core\Property.cpp">
      <Filter>Quelldateien\core</Filter>
    </ClCompile>
    <ClCompile Include="src\core\Map.cpp">
      <Filter>Quelldateien\core</Filter>
    </ClCompile>
    <ClCompile Include="src\Game.cpp">
      <Filter>Quelldateien</Filter>
    </ClCompile>
    <ClCompile Include="src\states\StateMachine.cpp">
      <Filter>Quelldateien\states</Filter>
    </ClCompile>
    <ClCompile Include="src\states\IntroState.cpp">
      <Filter>Quelldateien\states</Filter>
    </ClCompile>
    <ClCompile Include="src\states\MainMenuState.cpp">
      <Filter>Quelldateien\states</Filter>
    </ClCompile>
    <ClCompile Include="src\utils\StringUtil.cpp">
      <Filter>Quelldateien\utils</Filter>
    </ClCompile>
    <ClCompile Include="src\unittest\UnitTest.cpp">
      <Filter>Quelldateien\unittest</Filter>
    </ClCompile>
    <ClCompile Include="src\unittest\UTObject.cpp">
      <Filter>Quelldateien\unittest</Filter>
    </ClCompile>
    <ClCompile Include="src\core\World.cpp">
      <Filter>Quelldateien\core</Filter>
    </ClCompile>
    <ClCompile Include="src\graphics\TileRenderer.cpp">
      <Filter>Quelldateien\graphics</Filter>
    </ClCompile>
    <ClCompile Include="src\unittest\UTMap.cpp">
      <Filter>Quelldateien\unittest</Filter>
    </ClCompile>
    <ClCompile Include="src\sfutils\View.cpp">
      <Filter>Quelldateien\sfutils</Filter>
    </ClCompile>
    <ClCompile Include="src\states\PlayerState.cpp">
      <Filter>Quelldateien\states</Filter>
    </ClCompile>
  </ItemGroup>
  <ItemGroup>
    <ClInclude Include="src\core\Map.hpp">
      <Filter>Quelldateien\core</Filter>
    </ClInclude>
    <ClInclude Include="src\core\Object.hpp">
      <Filter>Quelldateien\core</Filter>
    </ClInclude>
    <ClInclude Include="src\core\ObjectList.hpp">
      <Filter>Quelldateien\core</Filter>
    </ClInclude>
    <ClInclude Include="src\core\Property.hpp">
      <Filter>Quelldateien\core</Filter>
    </ClInclude>
    <ClInclude Include="src\Game.hpp">
      <Filter>Quelldateien</Filter>
    </ClInclude>
    <ClInclude Include="src\states\StateMachine.hpp">
      <Filter>Quelldateien\states</Filter>
    </ClInclude>
    <ClInclude Include="src\states\GameState.hpp">
      <Filter>Quelldateien\states</Filter>
    </ClInclude>
    <ClInclude Include="src\Prerequisites.hpp">
      <Filter>Quelldateien</Filter>
    </ClInclude>
    <ClInclude Include="src\states\IntroState.hpp">
      <Filter>Quelldateien\states</Filter>
    </ClInclude>
    <ClInclude Include="src\states\MainMenuState.hpp">
      <Filter>Quelldateien\states</Filter>
    </ClInclude>
    <ClInclude Include="src\utils\Exception.hpp">
      <Filter>Quelldateien\utils</Filter>
    </ClInclude>
    <ClInclude Include="src\utils\Random.hpp">
      <Filter>Quelldateien\utils</Filter>
    </ClInclude>
    <ClInclude Include="src\utils\StringUtil.hpp">
      <Filter>Quelldateien\utils</Filter>
    </ClInclude>
    <ClInclude Include="src\unittest\UnitTests.hpp">
      <Filter>Quelldateien\unittest</Filter>
    </ClInclude>
    <ClInclude Include="src\core\World.hpp">
      <Filter>Quelldateien\core</Filter>
    </ClInclude>
    <ClInclude Include="src\sfutils\View.h">
      <Filter>Quelldateien\sfutils</Filter>
    </ClInclude>
    <ClInclude Include="src\graphics\TileRenderer.hpp">
      <Filter>Quelldateien\graphics</Filter>
    </ClInclude>
    <ClInclude Include="src\states\PlayerState.hpp">
      <Filter>Quelldateien\states</Filter>
    </ClInclude>
  </ItemGroup>
</Project>