<?xml version="1.0" encoding="utf-8"?>
<Project ToolsVersion="4.0" xmlns="http://schemas.microsoft.com/developer/msbuild/2003">
  <ItemGroup>
    <Filter Include="Quelldateien">
      <UniqueIdentifier>{4FC737F1-C7A5-4376-A066-2A32D752A2FF}</UniqueIdentifier>
      <Extensions>cpp;c;cc;cxx;def;odl;idl;hpj;bat;asm;asmx</Extensions>
    </Filter>
    <Filter Include="Ressourcendateien">
      <UniqueIdentifier>{67DA6AB6-F800-4c08-8B7A-83BB121AAD01}</UniqueIdentifier>
      <Extensions>rc;ico;cur;bmp;dlg;rc2;rct;bin;rgs;gif;jpg;jpeg;jpe;resx;tiff;tif;png;wav;mfcribbon-ms</Extensions>
    </Filter>
    <Filter Include="Quelldateien\core">
      <UniqueIdentifier>{1c41f4a9-0af4-4507-9a25-3a5b0cce97ac}</UniqueIdentifier>
    </Filter>
    <Filter Include="Quelldateien\states">
      <UniqueIdentifier>{6fc8e544-5a84-425f-9a02-17e8961bc73f}</UniqueIdentifier>
    </Filter>
    <Filter Include="Quelldateien\graphics">
      <UniqueIdentifier>{b307e98b-f6be-4e79-83d1-cd35586be726}</UniqueIdentifier>
    </Filter>
    <Filter Include="Quelldateien\utils">
      <UniqueIdentifier>{34845449-8d0c-41f1-b728-066bd3b857c1}</UniqueIdentifier>
    </Filter>
    <Filter Include="Quelldateien\unittest">
      <UniqueIdentifier>{48260fbc-5a2c-4280-bc21-85aa852a93aa}</UniqueIdentifier>
    </Filter>
    <Filter Include="Quelldateien\sfutils">
      <UniqueIdentifier>{449d6ac8-b979-4836-8e7c-45d6c1a2755c}</UniqueIdentifier>
    </Filter>
    <Filter Include="Quelldateien\events">
      <UniqueIdentifier>{4153138c-0b74-4b6c-8d06-2028e991351f}</UniqueIdentifier>
    </Filter>
    <Filter Include="Quelldateien\network">
      <UniqueIdentifier>{649d2e1f-529f-477b-89a8-73181b415c41}</UniqueIdentifier>
    </Filter>
    <Filter Include="Quelldateien\gamerules">
      <UniqueIdentifier>{9517e75c-cabf-4f79-b571-b1e1d937ecf6}</UniqueIdentifier>
    </Filter>
    <Filter Include="Quelldateien\actions">
      <UniqueIdentifier>{148c69ec-fd0a-4602-ba3f-ee091e3ea91d}</UniqueIdentifier>
    </Filter>
    <Filter Include="Quelldateien\interfaces">
      <UniqueIdentifier>{7b9a4b6a-8e09-4efa-8ede-490a572e28e1}</UniqueIdentifier>
    </Filter>
    <Filter Include="Quelldateien\tools">
      <UniqueIdentifier>{269d39f4-ca9b-49ae-b477-72dd73dc2d6a}</UniqueIdentifier>
    </Filter>
  </ItemGroup>
  <ItemGroup>
    <ClCompile Include="src\main.cpp">
      <Filter>Quelldateien</Filter>
    </ClCompile>
    <ClCompile Include="src\core\Object.cpp">
      <Filter>Quelldateien\core</Filter>
    </ClCompile>
    <ClCompile Include="src\core\ObjectList.cpp">
      <Filter>Quelldateien\core</Filter>
    </ClCompile>
    <ClCompile Include="src\core\Property.cpp">
      <Filter>Quelldateien\core</Filter>
    </ClCompile>
    <ClCompile Include="src\core\Map.cpp">
      <Filter>Quelldateien\core</Filter>
    </ClCompile>
    <ClCompile Include="src\Game.cpp">
      <Filter>Quelldateien</Filter>
    </ClCompile>
    <ClCompile Include="src\states\StateMachine.cpp">
      <Filter>Quelldateien\states</Filter>
    </ClCompile>
    <ClCompile Include="src\states\IntroState.cpp">
      <Filter>Quelldateien\states</Filter>
    </ClCompile>
    <ClCompile Include="src\states\MainMenuState.cpp">
      <Filter>Quelldateien\states</Filter>
    </ClCompile>
    <ClCompile Include="src\utils\StringUtil.cpp">
      <Filter>Quelldateien\utils</Filter>
    </ClCompile>
    <ClCompile Include="src\unittest\UnitTest.cpp">
      <Filter>Quelldateien\unittest</Filter>
    </ClCompile>
    <ClCompile Include="src\unittest\UTObject.cpp">
      <Filter>Quelldateien\unittest</Filter>
    </ClCompile>
    <ClCompile Include="src\core\World.cpp">
      <Filter>Quelldateien\core</Filter>
    </ClCompile>
    <ClCompile Include="src\graphics\TileRenderer.cpp">
      <Filter>Quelldateien\graphics</Filter>
    </ClCompile>
    <ClCompile Include="src\unittest\UTMap.cpp">
      <Filter>Quelldateien\unittest</Filter>
    </ClCompile>
    <ClCompile Include="src\sfutils\View.cpp">
      <Filter>Quelldateien\sfutils</Filter>
    </ClCompile>
    <ClCompile Include="src\states\PlayerState.cpp">
      <Filter>Quelldateien\states</Filter>
    </ClCompile>
    <ClCompile Include="src\events\EventHandler.cpp">
      <Filter>Quelldateien\events</Filter>
    </ClCompile>
    <ClCompile Include="src\events\InputHandler.cpp">
      <Filter>Quelldateien\events</Filter>
    </ClCompile>
    <ClCompile Include="src\utils\Random.cpp">
      <Filter>Quelldateien\utils</Filter>
    </ClCompile>
    <ClCompile Include="src\utils\Falloff.cpp">
      <Filter>Quelldateien\utils</Filter>
    </ClCompile>
    <ClCompile Include="src\sfutils\Vectors.cpp">
      <Filter>Quelldateien\sfutils</Filter>
    </ClCompile>
    <ClCompile Include="src\network\Messenger.cpp">
      <Filter>Quelldateien\network</Filter>
    </ClCompile>
    <ClCompile Include="src\network\WorldMessages.cpp">
      <Filter>Quelldateien\network</Filter>
    </ClCompile>
    <ClCompile Include="src\states\MasterState.cpp">
      <Filter>Quelldateien\states</Filter>
    </ClCompile>
    <ClCompile Include="src\network\ObjectMessages.cpp">
      <Filter>Quelldateien\network</Filter>
    </ClCompile>
    <ClCompile Include="src\network\MapMessages.cpp">
      <Filter>Quelldateien\network</Filter>
    </ClCompile>
    <ClCompile Include="src\utils\ValueInterpreter.cpp">
      <Filter>Quelldateien\utils</Filter>
    </ClCompile>
    <ClCompile Include="src\unittest\UTFormulaParser.cpp">
      <Filter>Quelldateien\unittest</Filter>
    </ClCompile>
    <ClCompile Include="src\utils\Content.cpp">
      <Filter>Quelldateien\utils</Filter>
    </ClCompile>
    <ClCompile Include="src\states\SelectionState.cpp">
      <Filter>Quelldateien\states</Filter>
    </ClCompile>
    <ClCompile Include="src\states\LaunchMasterState.cpp">
      <Filter>Quelldateien\states</Filter>
    </ClCompile>
    <ClCompile Include="src\states\LaunchPlayerState.cpp">
      <Filter>Quelldateien\states</Filter>
    </ClCompile>
    <ClCompile Include="src\states\CommonState.cpp">
      <Filter>Quelldateien\states</Filter>
    </ClCompile>
    <ClCompile Include="src\network\ChatMessages.cpp">
      <Filter>Quelldateien\network</Filter>
    </ClCompile>
    <ClCompile Include="src\gamerules\CombatRules.cpp">
      <Filter>Quelldateien\gamerules</Filter>
    </ClCompile>
    <ClCompile Include="src\states\GameState.cpp">
      <Filter>Quelldateien\states</Filter>
    </ClCompile>
    <ClCompile Include="src\actions\Attack.cpp">
      <Filter>Quelldateien\actions</Filter>
    </ClCompile>
    <ClCompile Include="src\actions\ActionPool.cpp">
      <Filter>Quelldateien\actions</Filter>
    </ClCompile>
    <ClCompile Include="src\interfaces\PropertyPanel.cpp">
      <Filter>Quelldateien\interfaces</Filter>
    </ClCompile>
    <ClCompile Include="src\interfaces\ObjectPanel.cpp">
      <Filter>Quelldateien\interfaces</Filter>
    </ClCompile>
    <ClCompile Include="src\network\ActionMessages.cpp">
      <Filter>Quelldateien\network</Filter>
    </ClCompile>
    <ClCompile Include="src\states\PromptState.cpp">
      <Filter>Quelldateien\states</Filter>
    </ClCompile>
    <ClCompile Include="src\actions\WalkTo.cpp">
      <Filter>Quelldateien\actions</Filter>
    </ClCompile>
    <ClCompile Include="src\states\ActionState.cpp">
      <Filter>Quelldateien\states</Filter>
    </ClCompile>
    <ClCompile Include="src\core\PredefinedProperties.cpp">
      <Filter>Quelldateien\core</Filter>
    </ClCompile>
    <ClCompile Include="src\interfaces\Toolbar.cpp">
      <Filter>Quelldateien\interfaces</Filter>
    </ClCompile>
    <ClCompile Include="src\tools\Brush.cpp">
      <Filter>Quelldateien\tools</Filter>
    </ClCompile>
  </ItemGroup>
  <ItemGroup>
    <ClInclude Include="src\core\Map.hpp">
      <Filter>Quelldateien\core</Filter>
    </ClInclude>
    <ClInclude Include="src\core\Object.hpp">
      <Filter>Quelldateien\core</Filter>
    </ClInclude>
    <ClInclude Include="src\core\ObjectList.hpp">
      <Filter>Quelldateien\core</Filter>
    </ClInclude>
    <ClInclude Include="src\core\Property.hpp">
      <Filter>Quelldateien\core</Filter>
    </ClInclude>
    <ClInclude Include="src\Game.hpp">
      <Filter>Quelldateien</Filter>
    </ClInclude>
    <ClInclude Include="src\states\StateMachine.hpp">
      <Filter>Quelldateien\states</Filter>
    </ClInclude>
    <ClInclude Include="src\states\GameState.hpp">
      <Filter>Quelldateien\states</Filter>
    </ClInclude>
    <ClInclude Include="src\Prerequisites.hpp">
      <Filter>Quelldateien</Filter>
    </ClInclude>
    <ClInclude Include="src\states\IntroState.hpp">
      <Filter>Quelldateien\states</Filter>
    </ClInclude>
    <ClInclude Include="src\states\MainMenuState.hpp">
      <Filter>Quelldateien\states</Filter>
    </ClInclude>
    <ClInclude Include="src\utils\Exception.hpp">
      <Filter>Quelldateien\utils</Filter>
    </ClInclude>
    <ClInclude Include="src\utils\Random.hpp">
      <Filter>Quelldateien\utils</Filter>
    </ClInclude>
    <ClInclude Include="src\utils\StringUtil.hpp">
      <Filter>Quelldateien\utils</Filter>
    </ClInclude>
    <ClInclude Include="src\unittest\UnitTests.hpp">
      <Filter>Quelldateien\unittest</Filter>
    </ClInclude>
    <ClInclude Include="src\core\World.hpp">
      <Filter>Quelldateien\core</Filter>
    </ClInclude>
    <ClInclude Include="src\graphics\TileRenderer.hpp">
      <Filter>Quelldateien\graphics</Filter>
    </ClInclude>
    <ClInclude Include="src\states\PlayerState.hpp">
      <Filter>Quelldateien\states</Filter>
    </ClInclude>
    <ClInclude Include="src\utils\OrFibHeap.h">
      <Filter>Quelldateien\utils</Filter>
    </ClInclude>
    <ClInclude Include="src\sfutils\Vectors.hpp">
      <Filter>Quelldateien\sfutils</Filter>
    </ClInclude>
    <ClInclude Include="src\events\EventHandler.hpp">
      <Filter>Quelldateien\events</Filter>
    </ClInclude>
    <ClInclude Include="src\events\InputHandler.hpp">
      <Filter>Quelldateien\events</Filter>
    </ClInclude>
    <ClInclude Include="src\sfutils\View.hpp">
      <Filter>Quelldateien\sfutils</Filter>
    </ClInclude>
    <ClInclude Include="src\utils\MathUtil.hpp">
      <Filter>Quelldateien\utils</Filter>
    </ClInclude>
    <ClInclude Include="src\utils\Falloff.hpp">
      <Filter>Quelldateien\utils</Filter>
    </ClInclude>
    <ClInclude Include="src\Constants.hpp">
      <Filter>Quelldateien</Filter>
    </ClInclude>
    <ClInclude Include="src\network\Messenger.hpp">
      <Filter>Quelldateien\network</Filter>
    </ClInclude>
    <ClInclude Include="src\network\Message.hpp">
      <Filter>Quelldateien\network</Filter>
    </ClInclude>
    <ClInclude Include="src\network\WorldMessages.hpp">
      <Filter>Quelldateien\network</Filter>
    </ClInclude>
    <ClInclude Include="src\states\MasterState.hpp">
      <Filter>Quelldateien\states</Filter>
    </ClInclude>
    <ClInclude Include="src\network\ObjectMessages.hpp">
      <Filter>Quelldateien\network</Filter>
    </ClInclude>
    <ClInclude Include="src\network\MapMessages.hpp">
      <Filter>Quelldateien\network</Filter>
    </ClInclude>
    <ClInclude Include="src\utils\ValueInterpreter.hpp">
      <Filter>Quelldateien\utils</Filter>
    </ClInclude>
    <ClInclude Include="src\utils\Content.hpp">
      <Filter>Quelldateien\utils</Filter>
    </ClInclude>
    <ClInclude Include="src\states\SelectionState.hpp">
      <Filter>Quelldateien\states</Filter>
    </ClInclude>
    <ClInclude Include="src\states\LaunchMasterState.hpp">
      <Filter>Quelldateien\states</Filter>
    </ClInclude>
    <ClInclude Include="src\states\LaunchPlayerState.hpp">
      <Filter>Quelldateien\states</Filter>
    </ClInclude>
    <ClInclude Include="src\states\CommonState.hpp">
      <Filter>Quelldateien\states</Filter>
    </ClInclude>
    <ClInclude Include="src\network\ChatMessages.hpp">
      <Filter>Quelldateien\network</Filter>
    </ClInclude>
    <ClInclude Include="src\gamerules\CombatRules.hpp">
      <Filter>Quelldateien\gamerules</Filter>
    </ClInclude>
    <ClInclude Include="src\actions\Action.hpp">
      <Filter>Quelldateien\actions</Filter>
    </ClInclude>
    <ClInclude Include="src\actions\Attack.hpp">
      <Filter>Quelldateien\actions</Filter>
    </ClInclude>
    <ClInclude Include="src\actions\ActionPool.hpp">
      <Filter>Quelldateien\actions</Filter>
    </ClInclude>
    <ClInclude Include="src\network\ActionMessages.hpp">
      <Filter>Quelldateien\network</Filter>
    </ClInclude>
    <ClInclude Include="src\interfaces\PropertyPanel.hpp">
      <Filter>Quelldateien\interfaces</Filter>
    </ClInclude>
    <ClInclude Include="src\interfaces\ObjectPanel.hpp">
      <Filter>Quelldateien\interfaces</Filter>
    </ClInclude>
    <ClInclude Include="src\interfaces\DragNDrop.hpp">
      <Filter>Quelldateien\interfaces</Filter>
    </ClInclude>
    <ClInclude Include="src\states\PromptState.hpp">
      <Filter>Quelldateien\states</Filter>
    </ClInclude>
    <ClInclude Include="src\actions\WalkTo.hpp">
      <Filter>Quelldateien\actions</Filter>
    </ClInclude>
    <ClInclude Include="src\states\ActionState.hpp">
      <Filter>Quelldateien\states</Filter>
    </ClInclude>
    <ClInclude Include="src\core\PredefinedProperties.hpp">
      <Filter>Quelldateien\core</Filter>
    </ClInclude>
    <ClInclude Include="src\interfaces\Toolbar.hpp">
      <Filter>Quelldateien\interfaces</Filter>
    </ClInclude>
    <ClInclude Include="src\tools\Brush.hpp">
      <Filter>Quelldateien\tools</Filter>
    </ClInclude>
  </ItemGroup>
  <ItemGroup>
    <None Include="ClassDiagram.cd" />
  </ItemGroup>
</Project>